// !$*UTF8*$!
{
	archiveVersion = 1;
	classes = {
	};
	objectVersion = 55;
	objects = {

/* Begin PBXBuildFile section */
		F613FE39287E77E60044927C /* GoogleService-Info.plist in Resources */ = {isa = PBXBuildFile; fileRef = F613FE38287E77E60044927C /* GoogleService-Info.plist */; };
		F637F68B287E368B004C0A75 /* wtmnewApp.swift in Sources */ = {isa = PBXBuildFile; fileRef = F637F68A287E368B004C0A75 /* wtmnewApp.swift */; };
		F637F68D287E368B004C0A75 /* ParentView.swift in Sources */ = {isa = PBXBuildFile; fileRef = F637F68C287E368B004C0A75 /* ParentView.swift */; };
		F637F68F287E3692004C0A75 /* Assets.xcassets in Resources */ = {isa = PBXBuildFile; fileRef = F637F68E287E3692004C0A75 /* Assets.xcassets */; };
		F637F692287E3692004C0A75 /* Preview Assets.xcassets in Resources */ = {isa = PBXBuildFile; fileRef = F637F691287E3692004C0A75 /* Preview Assets.xcassets */; };
		F637F69A287E36E2004C0A75 /* SignUpView.swift in Sources */ = {isa = PBXBuildFile; fileRef = F637F699287E36E2004C0A75 /* SignUpView.swift */; };
		F637F69C287E36F3004C0A75 /* SignInView.swift in Sources */ = {isa = PBXBuildFile; fileRef = F637F69B287E36F3004C0A75 /* SignInView.swift */; };
		F637F69E287E3701004C0A75 /* MapView.swift in Sources */ = {isa = PBXBuildFile; fileRef = F637F69D287E3701004C0A75 /* MapView.swift */; };
		F637F6A0287E370C004C0A75 /* ViewRouter.swift in Sources */ = {isa = PBXBuildFile; fileRef = F637F69F287E370C004C0A75 /* ViewRouter.swift */; };
		F637F6A5287E3953004C0A75 /* FirebaseAnalytics in Frameworks */ = {isa = PBXBuildFile; productRef = F637F6A4287E3953004C0A75 /* FirebaseAnalytics */; };
		F637F6A7287E3953004C0A75 /* FirebaseAuth in Frameworks */ = {isa = PBXBuildFile; productRef = F637F6A6287E3953004C0A75 /* FirebaseAuth */; };
		F637F6A9287E3953004C0A75 /* FirebaseFirestore in Frameworks */ = {isa = PBXBuildFile; productRef = F637F6A8287E3953004C0A75 /* FirebaseFirestore */; };
		F637F6AB287E3953004C0A75 /* FirebaseFirestoreCombine-Community in Frameworks */ = {isa = PBXBuildFile; productRef = F637F6AA287E3953004C0A75 /* FirebaseFirestoreCombine-Community */; };
		F637F6AD287E3953004C0A75 /* FirebaseFirestoreSwift in Frameworks */ = {isa = PBXBuildFile; productRef = F637F6AC287E3953004C0A75 /* FirebaseFirestoreSwift */; };
/* End PBXBuildFile section */

/* Begin PBXFileReference section */
		F613FE38287E77E60044927C /* GoogleService-Info.plist */ = {isa = PBXFileReference; fileEncoding = 4; lastKnownFileType = text.plist.xml; path = "GoogleService-Info.plist"; sourceTree = "<group>"; };
		F637F687287E368B004C0A75 /* wtmnew.app */ = {isa = PBXFileReference; explicitFileType = wrapper.application; includeInIndex = 0; path = wtmnew.app; sourceTree = BUILT_PRODUCTS_DIR; };
		F637F68A287E368B004C0A75 /* wtmnewApp.swift */ = {isa = PBXFileReference; lastKnownFileType = sourcecode.swift; path = wtmnewApp.swift; sourceTree = "<group>"; };
		F637F68C287E368B004C0A75 /* ParentView.swift */ = {isa = PBXFileReference; lastKnownFileType = sourcecode.swift; path = ParentView.swift; sourceTree = "<group>"; };
		F637F68E287E3692004C0A75 /* Assets.xcassets */ = {isa = PBXFileReference; lastKnownFileType = folder.assetcatalog; path = Assets.xcassets; sourceTree = "<group>"; };
		F637F691287E3692004C0A75 /* Preview Assets.xcassets */ = {isa = PBXFileReference; lastKnownFileType = folder.assetcatalog; path = "Preview Assets.xcassets"; sourceTree = "<group>"; };
		F637F699287E36E2004C0A75 /* SignUpView.swift */ = {isa = PBXFileReference; lastKnownFileType = sourcecode.swift; path = SignUpView.swift; sourceTree = "<group>"; };
		F637F69B287E36F3004C0A75 /* SignInView.swift */ = {isa = PBXFileReference; lastKnownFileType = sourcecode.swift; path = SignInView.swift; sourceTree = "<group>"; };
		F637F69D287E3701004C0A75 /* MapView.swift */ = {isa = PBXFileReference; lastKnownFileType = sourcecode.swift; path = MapView.swift; sourceTree = "<group>"; };
		F637F69F287E370C004C0A75 /* ViewRouter.swift */ = {isa = PBXFileReference; lastKnownFileType = sourcecode.swift; path = ViewRouter.swift; sourceTree = "<group>"; };
/* End PBXFileReference section */

/* Begin PBXFrameworksBuildPhase section */
		F637F684287E368B004C0A75 /* Frameworks */ = {
			isa = PBXFrameworksBuildPhase;
			buildActionMask = 2147483647;
			files = (
				F637F6AD287E3953004C0A75 /* FirebaseFirestoreSwift in Frameworks */,
				F637F6A5287E3953004C0A75 /* FirebaseAnalytics in Frameworks */,
				F637F6AB287E3953004C0A75 /* FirebaseFirestoreCombine-Community in Frameworks */,
				F637F6A7287E3953004C0A75 /* FirebaseAuth in Frameworks */,
				F637F6A9287E3953004C0A75 /* FirebaseFirestore in Frameworks */,
			);
			runOnlyForDeploymentPostprocessing = 0;
		};
/* End PBXFrameworksBuildPhase section */

/* Begin PBXGroup section */
		F637F67E287E368B004C0A75 = {
			isa = PBXGroup;
			children = (
				F613FE38287E77E60044927C /* GoogleService-Info.plist */,
				F637F689287E368B004C0A75 /* wtmnew */,
				F637F688287E368B004C0A75 /* Products */,
			);
			sourceTree = "<group>";
		};
		F637F688287E368B004C0A75 /* Products */ = {
			isa = PBXGroup;
			children = (
				F637F687287E368B004C0A75 /* wtmnew.app */,
			);
			name = Products;
			sourceTree = "<group>";
		};
		F637F689287E368B004C0A75 /* wtmnew */ = {
			isa = PBXGroup;
			children = (
				F637F68A287E368B004C0A75 /* wtmnewApp.swift */,
				F637F69F287E370C004C0A75 /* ViewRouter.swift */,
				F637F698287E36A3004C0A75 /* Views */,
				F637F68E287E3692004C0A75 /* Assets.xcassets */,
				F637F690287E3692004C0A75 /* Preview Content */,
			);
			path = wtmnew;
			sourceTree = "<group>";
		};
		F637F690287E3692004C0A75 /* Preview Content */ = {
			isa = PBXGroup;
			children = (
				F637F691287E3692004C0A75 /* Preview Assets.xcassets */,
			);
			path = "Preview Content";
			sourceTree = "<group>";
		};
		F637F698287E36A3004C0A75 /* Views */ = {
			isa = PBXGroup;
			children = (
				F637F68C287E368B004C0A75 /* ParentView.swift */,
				F637F699287E36E2004C0A75 /* SignUpView.swift */,
				F637F69B287E36F3004C0A75 /* SignInView.swift */,
				F637F69D287E3701004C0A75 /* MapView.swift */,
			);
			path = Views;
			sourceTree = "<group>";
		};
/* End PBXGroup section */

/* Begin PBXNativeTarget section */
		F637F686287E368B004C0A75 /* wtmnew */ = {
			isa = PBXNativeTarget;
			buildConfigurationList = F637F695287E3692004C0A75 /* Build configuration list for PBXNativeTarget "wtmnew" */;
			buildPhases = (
				F637F683287E368B004C0A75 /* Sources */,
				F637F684287E368B004C0A75 /* Frameworks */,
				F637F685287E368B004C0A75 /* Resources */,
			);
			buildRules = (
			);
			dependencies = (
			);
			name = wtmnew;
			packageProductDependencies = (
				F637F6A4287E3953004C0A75 /* FirebaseAnalytics */,
				F637F6A6287E3953004C0A75 /* FirebaseAuth */,
				F637F6A8287E3953004C0A75 /* FirebaseFirestore */,
				F637F6AA287E3953004C0A75 /* FirebaseFirestoreCombine-Community */,
				F637F6AC287E3953004C0A75 /* FirebaseFirestoreSwift */,
			);
			productName = wtmnew;
			productReference = F637F687287E368B004C0A75 /* wtmnew.app */;
			productType = "com.apple.product-type.application";
		};
/* End PBXNativeTarget section */

/* Begin PBXProject section */
		F637F67F287E368B004C0A75 /* Project object */ = {
			isa = PBXProject;
			attributes = {
				BuildIndependentTargetsInParallel = 1;
				LastSwiftUpdateCheck = 1320;
				LastUpgradeCheck = 1320;
				TargetAttributes = {
					F637F686287E368B004C0A75 = {
						CreatedOnToolsVersion = 13.2.1;
					};
				};
			};
			buildConfigurationList = F637F682287E368B004C0A75 /* Build configuration list for PBXProject "wtmnew" */;
			compatibilityVersion = "Xcode 13.0";
			developmentRegion = en;
			hasScannedForEncodings = 0;
			knownRegions = (
				en,
				Base,
			);
			mainGroup = F637F67E287E368B004C0A75;
			packageReferences = (
				F637F6A3287E3953004C0A75 /* XCRemoteSwiftPackageReference "firebase-ios-sdk" */,
			);
			productRefGroup = F637F688287E368B004C0A75 /* Products */;
			projectDirPath = "";
			projectRoot = "";
			targets = (
				F637F686287E368B004C0A75 /* wtmnew */,
			);
		};
/* End PBXProject section */

/* Begin PBXResourcesBuildPhase section */
		F637F685287E368B004C0A75 /* Resources */ = {
			isa = PBXResourcesBuildPhase;
			buildActionMask = 2147483647;
			files = (
				F637F692287E3692004C0A75 /* Preview Assets.xcassets in Resources */,
				F613FE39287E77E60044927C /* GoogleService-Info.plist in Resources */,
				F637F68F287E3692004C0A75 /* Assets.xcassets in Resources */,
			);
			runOnlyForDeploymentPostprocessing = 0;
		};
/* End PBXResourcesBuildPhase section */

/* Begin PBXSourcesBuildPhase section */
		F637F683287E368B004C0A75 /* Sources */ = {
			isa = PBXSourcesBuildPhase;
			buildActionMask = 2147483647;
			files = (
				F637F68D287E368B004C0A75 /* ParentView.swift in Sources */,
				F637F69A287E36E2004C0A75 /* SignUpView.swift in Sources */,
				F637F69E287E3701004C0A75 /* MapView.swift in Sources */,
				F637F6A0287E370C004C0A75 /* ViewRouter.swift in Sources */,
				F637F69C287E36F3004C0A75 /* SignInView.swift in Sources */,
				F637F68B287E368B004C0A75 /* wtmnewApp.swift in Sources */,
			);
			runOnlyForDeploymentPostprocessing = 0;
		};
/* End PBXSourcesBuildPhase section */

/* Begin XCBuildConfiguration section */
		F637F693287E3692004C0A75 /* Debug */ = {
			isa = XCBuildConfiguration;
			buildSettings = {
				ALWAYS_SEARCH_USER_PATHS = NO;
				CLANG_ANALYZER_NONNULL = YES;
				CLANG_ANALYZER_NUMBER_OBJECT_CONVERSION = YES_AGGRESSIVE;
				CLANG_CXX_LANGUAGE_STANDARD = "gnu++17";
				CLANG_CXX_LIBRARY = "libc++";
				CLANG_ENABLE_MODULES = YES;
				CLANG_ENABLE_OBJC_ARC = YES;
				CLANG_ENABLE_OBJC_WEAK = YES;
				CLANG_WARN_BLOCK_CAPTURE_AUTORELEASING = YES;
				CLANG_WARN_BOOL_CONVERSION = YES;
				CLANG_WARN_COMMA = YES;
				CLANG_WARN_CONSTANT_CONVERSION = YES;
				CLANG_WARN_DEPRECATED_OBJC_IMPLEMENTATIONS = YES;
				CLANG_WARN_DIRECT_OBJC_ISA_USAGE = YES_ERROR;
				CLANG_WARN_DOCUMENTATION_COMMENTS = YES;
				CLANG_WARN_EMPTY_BODY = YES;
				CLANG_WARN_ENUM_CONVERSION = YES;
				CLANG_WARN_INFINITE_RECURSION = YES;
				CLANG_WARN_INT_CONVERSION = YES;
				CLANG_WARN_NON_LITERAL_NULL_CONVERSION = YES;
				CLANG_WARN_OBJC_IMPLICIT_RETAIN_SELF = YES;
				CLANG_WARN_OBJC_LITERAL_CONVERSION = YES;
				CLANG_WARN_OBJC_ROOT_CLASS = YES_ERROR;
				CLANG_WARN_QUOTED_INCLUDE_IN_FRAMEWORK_HEADER = YES;
				CLANG_WARN_RANGE_LOOP_ANALYSIS = YES;
				CLANG_WARN_STRICT_PROTOTYPES = YES;
				CLANG_WARN_SUSPICIOUS_MOVE = YES;
				CLANG_WARN_UNGUARDED_AVAILABILITY = YES_AGGRESSIVE;
				CLANG_WARN_UNREACHABLE_CODE = YES;
				CLANG_WARN__DUPLICATE_METHOD_MATCH = YES;
				COPY_PHASE_STRIP = NO;
				DEBUG_INFORMATION_FORMAT = dwarf;
				ENABLE_STRICT_OBJC_MSGSEND = YES;
				ENABLE_TESTABILITY = YES;
				GCC_C_LANGUAGE_STANDARD = gnu11;
				GCC_DYNAMIC_NO_PIC = NO;
				GCC_NO_COMMON_BLOCKS = YES;
				GCC_OPTIMIZATION_LEVEL = 0;
				GCC_PREPROCESSOR_DEFINITIONS = (
					"DEBUG=1",
					"$(inherited)",
				);
				GCC_WARN_64_TO_32_BIT_CONVERSION = YES;
				GCC_WARN_ABOUT_RETURN_TYPE = YES_ERROR;
				GCC_WARN_UNDECLARED_SELECTOR = YES;
				GCC_WARN_UNINITIALIZED_AUTOS = YES_AGGRESSIVE;
				GCC_WARN_UNUSED_FUNCTION = YES;
				GCC_WARN_UNUSED_VARIABLE = YES;
				IPHONEOS_DEPLOYMENT_TARGET = 15.2;
				MTL_ENABLE_DEBUG_INFO = INCLUDE_SOURCE;
				MTL_FAST_MATH = YES;
				ONLY_ACTIVE_ARCH = YES;
				SDKROOT = iphoneos;
				SWIFT_ACTIVE_COMPILATION_CONDITIONS = DEBUG;
				SWIFT_OPTIMIZATION_LEVEL = "-Onone";
			};
			name = Debug;
		};
		F637F694287E3692004C0A75 /* Release */ = {
			isa = XCBuildConfiguration;
			buildSettings = {
				ALWAYS_SEARCH_USER_PATHS = NO;
				CLANG_ANALYZER_NONNULL = YES;
				CLANG_ANALYZER_NUMBER_OBJECT_CONVERSION = YES_AGGRESSIVE;
				CLANG_CXX_LANGUAGE_STANDARD = "gnu++17";
				CLANG_CXX_LIBRARY = "libc++";
				CLANG_ENABLE_MODULES = YES;
				CLANG_ENABLE_OBJC_ARC = YES;
				CLANG_ENABLE_OBJC_WEAK = YES;
				CLANG_WARN_BLOCK_CAPTURE_AUTORELEASING = YES;
				CLANG_WARN_BOOL_CONVERSION = YES;
				CLANG_WARN_COMMA = YES;
				CLANG_WARN_CONSTANT_CONVERSION = YES;
				CLANG_WARN_DEPRECATED_OBJC_IMPLEMENTATIONS = YES;
				CLANG_WARN_DIRECT_OBJC_ISA_USAGE = YES_ERROR;
				CLANG_WARN_DOCUMENTATION_COMMENTS = YES;
				CLANG_WARN_EMPTY_BODY = YES;
				CLANG_WARN_ENUM_CONVERSION = YES;
				CLANG_WARN_INFINITE_RECURSION = YES;
				CLANG_WARN_INT_CONVERSION = YES;
				CLANG_WARN_NON_LITERAL_NULL_CONVERSION = YES;
				CLANG_WARN_OBJC_IMPLICIT_RETAIN_SELF = YES;
				CLANG_WARN_OBJC_LITERAL_CONVERSION = YES;
				CLANG_WARN_OBJC_ROOT_CLASS = YES_ERROR;
				CLANG_WARN_QUOTED_INCLUDE_IN_FRAMEWORK_HEADER = YES;
				CLANG_WARN_RANGE_LOOP_ANALYSIS = YES;
				CLANG_WARN_STRICT_PROTOTYPES = YES;
				CLANG_WARN_SUSPICIOUS_MOVE = YES;
				CLANG_WARN_UNGUARDED_AVAILABILITY = YES_AGGRESSIVE;
				CLANG_WARN_UNREACHABLE_CODE = YES;
				CLANG_WARN__DUPLICATE_METHOD_MATCH = YES;
				COPY_PHASE_STRIP = NO;
				DEBUG_INFORMATION_FORMAT = "dwarf-with-dsym";
				ENABLE_NS_ASSERTIONS = NO;
				ENABLE_STRICT_OBJC_MSGSEND = YES;
				GCC_C_LANGUAGE_STANDARD = gnu11;
				GCC_NO_COMMON_BLOCKS = YES;
				GCC_WARN_64_TO_32_BIT_CONVERSION = YES;
				GCC_WARN_ABOUT_RETURN_TYPE = YES_ERROR;
				GCC_WARN_UNDECLARED_SELECTOR = YES;
				GCC_WARN_UNINITIALIZED_AUTOS = YES_AGGRESSIVE;
				GCC_WARN_UNUSED_FUNCTION = YES;
				GCC_WARN_UNUSED_VARIABLE = YES;
				IPHONEOS_DEPLOYMENT_TARGET = 15.2;
				MTL_ENABLE_DEBUG_INFO = NO;
				MTL_FAST_MATH = YES;
				SDKROOT = iphoneos;
				SWIFT_COMPILATION_MODE = wholemodule;
				SWIFT_OPTIMIZATION_LEVEL = "-O";
				VALIDATE_PRODUCT = YES;
			};
			name = Release;
		};
		F637F696287E3692004C0A75 /* Debug */ = {
			isa = XCBuildConfiguration;
			buildSettings = {
				ASSETCATALOG_COMPILER_APPICON_NAME = AppIcon;
				ASSETCATALOG_COMPILER_GLOBAL_ACCENT_COLOR_NAME = AccentColor;
				CODE_SIGN_STYLE = Automatic;
				CURRENT_PROJECT_VERSION = 1;
				DEVELOPMENT_ASSET_PATHS = "\"wtmnew/Preview Content\"";
				ENABLE_PREVIEWS = YES;
				GENERATE_INFOPLIST_FILE = YES;
				INFOPLIST_KEY_UIApplicationSceneManifest_Generation = YES;
				INFOPLIST_KEY_UIApplicationSupportsIndirectInputEvents = YES;
				INFOPLIST_KEY_UILaunchScreen_Generation = YES;
				INFOPLIST_KEY_UISupportedInterfaceOrientations_iPad = "UIInterfaceOrientationPortrait UIInterfaceOrientationPortraitUpsideDown UIInterfaceOrientationLandscapeLeft UIInterfaceOrientationLandscapeRight";
				INFOPLIST_KEY_UISupportedInterfaceOrientations_iPhone = "UIInterfaceOrientationPortrait UIInterfaceOrientationLandscapeLeft UIInterfaceOrientationLandscapeRight";
				LD_RUNPATH_SEARCH_PATHS = (
					"$(inherited)",
					"@executable_path/Frameworks",
				);
				MARKETING_VERSION = 1.0;
				PRODUCT_BUNDLE_IDENTIFIER = com.company.app.wtmnew;
				PRODUCT_NAME = "$(TARGET_NAME)";
				SWIFT_EMIT_LOC_STRINGS = YES;
				SWIFT_VERSION = 5.0;
				TARGETED_DEVICE_FAMILY = "1,2";
			};
			name = Debug;
		};
		F637F697287E3692004C0A75 /* Release */ = {
			isa = XCBuildConfiguration;
			buildSettings = {
				ASSETCATALOG_COMPILER_APPICON_NAME = AppIcon;
				ASSETCATALOG_COMPILER_GLOBAL_ACCENT_COLOR_NAME = AccentColor;
				CODE_SIGN_STYLE = Automatic;
				CURRENT_PROJECT_VERSION = 1;
				DEVELOPMENT_ASSET_PATHS = "\"wtmnew/Preview Content\"";
				ENABLE_PREVIEWS = YES;
				GENERATE_INFOPLIST_FILE = YES;
				INFOPLIST_KEY_UIApplicationSceneManifest_Generation = YES;
				INFOPLIST_KEY_UIApplicationSupportsIndirectInputEvents = YES;
				INFOPLIST_KEY_UILaunchScreen_Generation = YES;
				INFOPLIST_KEY_UISupportedInterfaceOrientations_iPad = "UIInterfaceOrientationPortrait UIInterfaceOrientationPortraitUpsideDown UIInterfaceOrientationLandscapeLeft UIInterfaceOrientationLandscapeRight";
				INFOPLIST_KEY_UISupportedInterfaceOrientations_iPhone = "UIInterfaceOrientationPortrait UIInterfaceOrientationLandscapeLeft UIInterfaceOrientationLandscapeRight";
				LD_RUNPATH_SEARCH_PATHS = (
					"$(inherited)",
					"@executable_path/Frameworks",
				);
				MARKETING_VERSION = 1.0;
				PRODUCT_BUNDLE_IDENTIFIER = com.company.app.wtmnew;
				PRODUCT_NAME = "$(TARGET_NAME)";
				SWIFT_EMIT_LOC_STRINGS = YES;
				SWIFT_VERSION = 5.0;
				TARGETED_DEVICE_FAMILY = "1,2";
			};
			name = Release;
		};
/* End XCBuildConfiguration section */

/* Begin XCConfigurationList section */
		F637F682287E368B004C0A75 /* Build configuration list for PBXProject "wtmnew" */ = {
			isa = XCConfigurationList;
			buildConfigurations = (
				F637F693287E3692004C0A75 /* Debug */,
				F637F694287E3692004C0A75 /* Release */,
			);
			defaultConfigurationIsVisible = 0;
			defaultConfigurationName = Release;
		};
		F637F695287E3692004C0A75 /* Build configuration list for PBXNativeTarget "wtmnew" */ = {
			isa = XCConfigurationList;
			buildConfigurations = (
				F637F696287E3692004C0A75 /* Debug */,
				F637F697287E3692004C0A75 /* Release */,
			);
			defaultConfigurationIsVisible = 0;
			defaultConfigurationName = Release;
		};
/* End XCConfigurationList section */

/* Begin XCRemoteSwiftPackageReference section */
		F637F6A3287E3953004C0A75 /* XCRemoteSwiftPackageReference "firebase-ios-sdk" */ = {
			isa = XCRemoteSwiftPackageReference;
			repositoryURL = "https://github.com/firebase/firebase-ios-sdk";
			requirement = {
				kind = upToNextMajorVersion;
				minimumVersion = 9.0.0;
			};
		};
/* End XCRemoteSwiftPackageReference section */

/* Begin XCSwiftPackageProductDependency section */
		F637F6A4287E3953004C0A75 /* FirebaseAnalytics */ = {
			isa = XCSwiftPackageProductDependency;
			package = F637F6A3287E3953004C0A75 /* XCRemoteSwiftPackageReference "firebase-ios-sdk" */;
			productName = FirebaseAnalytics;
		};
		F637F6A6287E3953004C0A75 /* FirebaseAuth */ = {
			isa = XCSwiftPackageProductDependency;
			package = F637F6A3287E3953004C0A75 /* XCRemoteSwiftPackageReference "firebase-ios-sdk" */;
			productName = FirebaseAuth;
		};
		F637F6A8287E3953004C0A75 /* FirebaseFirestore */ = {
			isa = XCSwiftPackageProductDependency;
			package = F637F6A3287E3953004C0A75 /* XCRemoteSwiftPackageReference "firebase-ios-sdk" */;
			productName = FirebaseFirestore;
		};
		F637F6AA287E3953004C0A75 /* FirebaseFirestoreCombine-Community */ = {
			isa = XCSwiftPackageProductDependency;
			package = F637F6A3287E3953004C0A75 /* XCRemoteSwiftPackageReference "firebase-ios-sdk" */;
			productName = "FirebaseFirestoreCombine-Community";
		};
		F637F6AC287E3953004C0A75 /* FirebaseFirestoreSwift */ = {
			isa = XCSwiftPackageProductDependency;
			package = F637F6A3287E3953004C0A75 /* XCRemoteSwiftPackageReference "firebase-ios-sdk" */;
			productName = FirebaseFirestoreSwift;
		};
/* End XCSwiftPackageProductDependency section */
	};
	rootObject = F637F67F287E368B004C0A75 /* Project object */;
}
